// !$*UTF8*$!
{
	archiveVersion = 1;
	classes = {
	};
	objectVersion = 46;
	objects = {

/* Begin PBXBuildFile section */
		CB1248961918879D009DA54C /* back.png in Resources */ = {isa = PBXBuildFile; fileRef = CB12484C1918879D009DA54C /* back.png */; };
		CB1248971918879D009DA54C /* back2.png in Resources */ = {isa = PBXBuildFile; fileRef = CB12484D1918879D009DA54C /* back2.png */; };
		CB1248981918879D009DA54C /* back3.png in Resources */ = {isa = PBXBuildFile; fileRef = CB12484E1918879D009DA54C /* back3.png */; };
		CB1248991918879D009DA54C /* bg_btn_cartel.png in Resources */ = {isa = PBXBuildFile; fileRef = CB12484F1918879D009DA54C /* bg_btn_cartel.png */; };
		CB12489A1918879D009DA54C /* bg_btn_mediawall.png in Resources */ = {isa = PBXBuildFile; fileRef = CB1248501918879D009DA54C /* bg_btn_mediawall.png */; };
		CB12489B1918879D009DA54C /* bg_btn_monocolumna.png in Resources */ = {isa = PBXBuildFile; fileRef = CB1248511918879D009DA54C /* bg_btn_monocolumna.png */; };
		CB12489C1918879D009DA54C /* bg_btn_telon.png in Resources */ = {isa = PBXBuildFile; fileRef = CB1248521918879D009DA54C /* bg_btn_telon.png */; };
		CB12489D1918879D009DA54C /* bg_input.png in Resources */ = {isa = PBXBuildFile; fileRef = CB1248531918879D009DA54C /* bg_input.png */; };
		CB12489E1918879D009DA54C /* bg_login.png in Resources */ = {isa = PBXBuildFile; fileRef = CB1248541918879D009DA54C /* bg_login.png */; };
		CB12489F1918879D009DA54C /* blank_normal.png in Resources */ = {isa = PBXBuildFile; fileRef = CB1248551918879D009DA54C /* blank_normal.png */; };
		CB1248A01918879D009DA54C /* blank_pressed.png in Resources */ = {isa = PBXBuildFile; fileRef = CB1248561918879D009DA54C /* blank_pressed.png */; };
		CB1248A11918879D009DA54C /* btn_buscar.png in Resources */ = {isa = PBXBuildFile; fileRef = CB1248571918879D009DA54C /* btn_buscar.png */; };
		CB1248A21918879D009DA54C /* btn_busqueda.png in Resources */ = {isa = PBXBuildFile; fileRef = CB1248581918879D009DA54C /* btn_busqueda.png */; };
		CB1248A31918879D009DA54C /* btn_disponible.png in Resources */ = {isa = PBXBuildFile; fileRef = CB1248591918879D009DA54C /* btn_disponible.png */; };
		CB1248A41918879D009DA54C /* btn_mapa_inactivo.png in Resources */ = {isa = PBXBuildFile; fileRef = CB12485A1918879D009DA54C /* btn_mapa_inactivo.png */; };
		CB1248A51918879D009DA54C /* btn_mapa.png in Resources */ = {isa = PBXBuildFile; fileRef = CB12485B1918879D009DA54C /* btn_mapa.png */; };
		CB1248A61918879D009DA54C /* btn_nodisponible.png in Resources */ = {isa = PBXBuildFile; fileRef = CB12485C1918879D009DA54C /* btn_nodisponible.png */; };
		CB1248A71918879D009DA54C /* burbuja_bottom_land.png in Resources */ = {isa = PBXBuildFile; fileRef = CB12485D1918879D009DA54C /* burbuja_bottom_land.png */; };
		CB1248A81918879D009DA54C /* burbuja_bottom.png in Resources */ = {isa = PBXBuildFile; fileRef = CB12485E1918879D009DA54C /* burbuja_bottom.png */; };
		CB1248A91918879D009DA54C /* burbuja_land.png in Resources */ = {isa = PBXBuildFile; fileRef = CB12485F1918879D009DA54C /* burbuja_land.png */; };
		CB1248AA1918879D009DA54C /* burbuja.png in Resources */ = {isa = PBXBuildFile; fileRef = CB1248601918879D009DA54C /* burbuja.png */; };
		CB1248AB1918879D009DA54C /* buscar.png in Resources */ = {isa = PBXBuildFile; fileRef = CB1248611918879D009DA54C /* buscar.png */; };
		CB1248AC1918879D009DA54C /* busqueda.png in Resources */ = {isa = PBXBuildFile; fileRef = CB1248621918879D009DA54C /* busqueda.png */; };
		CB1248AD1918879D009DA54C /* calendario_normal.png in Resources */ = {isa = PBXBuildFile; fileRef = CB1248631918879D009DA54C /* calendario_normal.png */; };
		CB1248AE1918879D009DA54C /* calendario_pressed.png in Resources */ = {isa = PBXBuildFile; fileRef = CB1248641918879D009DA54C /* calendario_pressed.png */; };
		CB1248AF1918879D009DA54C /* calendario.png in Resources */ = {isa = PBXBuildFile; fileRef = CB1248651918879D009DA54C /* calendario.png */; };
		CB1248B01918879D009DA54C /* cartel_black.png in Resources */ = {isa = PBXBuildFile; fileRef = CB1248661918879D009DA54C /* cartel_black.png */; };
		CB1248B11918879D009DA54C /* cartel.png in Resources */ = {isa = PBXBuildFile; fileRef = CB1248671918879D009DA54C /* cartel.png */; };
		CB1248B21918879D009DA54C /* carteles_icon.png in Resources */ = {isa = PBXBuildFile; fileRef = CB1248681918879D009DA54C /* carteles_icon.png */; };
		CB1248B31918879D009DA54C /* cerrar.png in Resources */ = {isa = PBXBuildFile; fileRef = CB1248691918879D009DA54C /* cerrar.png */; };
		CB1248B41918879D009DA54C /* cmi.png in Resources */ = {isa = PBXBuildFile; fileRef = CB12486A1918879D009DA54C /* cmi.png */; };
		CB1248B51918879D009DA54C /* disponible.png in Resources */ = {isa = PBXBuildFile; fileRef = CB12486B1918879D009DA54C /* disponible.png */; };
		CB1248B61918879D009DA54C /* ejemplo.jpg in Resources */ = {isa = PBXBuildFile; fileRef = CB12486C1918879D009DA54C /* ejemplo.jpg */; };
		CB1248B71918879D009DA54C /* encendido.png in Resources */ = {isa = PBXBuildFile; fileRef = CB12486D1918879D009DA54C /* encendido.png */; };
		CB1248B81918879D009DA54C /* favorito_icon_off.png in Resources */ = {isa = PBXBuildFile; fileRef = CB12486E1918879D009DA54C /* favorito_icon_off.png */; };
		CB1248B91918879D009DA54C /* favorito_icon_on.png in Resources */ = {isa = PBXBuildFile; fileRef = CB12486F1918879D009DA54C /* favorito_icon_on.png */; };
		CB1248BA1918879D009DA54C /* favorito_off.png in Resources */ = {isa = PBXBuildFile; fileRef = CB1248701918879D009DA54C /* favorito_off.png */; };
		CB1248BB1918879D009DA54C /* favorito_on.png in Resources */ = {isa = PBXBuildFile; fileRef = CB1248711918879D009DA54C /* favorito_on.png */; };
		CB1248BC1918879D009DA54C /* favoritos.png in Resources */ = {isa = PBXBuildFile; fileRef = CB1248721918879D009DA54C /* favoritos.png */; };
		CB1248BD1918879D009DA54C /* foto_normal.png in Resources */ = {isa = PBXBuildFile; fileRef = CB1248731918879D009DA54C /* foto_normal.png */; };
		CB1248BE1918879D009DA54C /* foto_pressed.png in Resources */ = {isa = PBXBuildFile; fileRef = CB1248741918879D009DA54C /* foto_pressed.png */; };
		CB1248BF1918879D009DA54C /* foto.png in Resources */ = {isa = PBXBuildFile; fileRef = CB1248751918879D009DA54C /* foto.png */; };
		CB1248C01918879D009DA54C /* help_1.png in Resources */ = {isa = PBXBuildFile; fileRef = CB1248761918879D009DA54C /* help_1.png */; };
		CB1248C11918879D009DA54C /* help_2.png in Resources */ = {isa = PBXBuildFile; fileRef = CB1248771918879D009DA54C /* help_2.png */; };
		CB1248C21918879D009DA54C /* help_3.png in Resources */ = {isa = PBXBuildFile; fileRef = CB1248781918879D009DA54C /* help_3.png */; };
		CB1248C31918879D009DA54C /* help_4.png in Resources */ = {isa = PBXBuildFile; fileRef = CB1248791918879D009DA54C /* help_4.png */; };
		CB1248C41918879D009DA54C /* ic_launcher.png in Resources */ = {isa = PBXBuildFile; fileRef = CB12487A1918879D009DA54C /* ic_launcher.png */; };
		CB1248C51918879D009DA54C /* icon_help.png in Resources */ = {isa = PBXBuildFile; fileRef = CB12487B1918879D009DA54C /* icon_help.png */; };
		CB1248C61918879D009DA54C /* info_normal.png in Resources */ = {isa = PBXBuildFile; fileRef = CB12487C1918879D009DA54C /* info_normal.png */; };
		CB1248C71918879D009DA54C /* info_pressed.png in Resources */ = {isa = PBXBuildFile; fileRef = CB12487D1918879D009DA54C /* info_pressed.png */; };
		CB1248C81918879D009DA54C /* logo_full.png in Resources */ = {isa = PBXBuildFile; fileRef = CB12487E1918879D009DA54C /* logo_full.png */; };
		CB1248C91918879D009DA54C /* marker_un.png in Resources */ = {isa = PBXBuildFile; fileRef = CB12487F1918879D009DA54C /* marker_un.png */; };
		CB1248CA1918879D009DA54C /* marker.png in Resources */ = {isa = PBXBuildFile; fileRef = CB1248801918879D009DA54C /* marker.png */; };
		CB1248CB1918879D009DA54C /* mediawall_black.png in Resources */ = {isa = PBXBuildFile; fileRef = CB1248811918879D009DA54C /* mediawall_black.png */; };
		CB1248CC1918879D009DA54C /* mediawall_icon.png in Resources */ = {isa = PBXBuildFile; fileRef = CB1248821918879D009DA54C /* mediawall_icon.png */; };
		CB1248CD1918879D009DA54C /* mediawall.png in Resources */ = {isa = PBXBuildFile; fileRef = CB1248831918879D009DA54C /* mediawall.png */; };
		CB1248CE1918879D009DA54C /* menu_vacio.png in Resources */ = {isa = PBXBuildFile; fileRef = CB1248841918879D009DA54C /* menu_vacio.png */; };
		CB1248CF1918879D009DA54C /* menu.png in Resources */ = {isa = PBXBuildFile; fileRef = CB1248851918879D009DA54C /* menu.png */; };
		CB1248D01918879D009DA54C /* monocolumna_black.png in Resources */ = {isa = PBXBuildFile; fileRef = CB1248861918879D009DA54C /* monocolumna_black.png */; };
		CB1248D11918879D009DA54C /* monocolumna.png in Resources */ = {isa = PBXBuildFile; fileRef = CB1248871918879D009DA54C /* monocolumna.png */; };
		CB1248D21918879D009DA54C /* monocolumnas_icon.png in Resources */ = {isa = PBXBuildFile; fileRef = CB1248881918879D009DA54C /* monocolumnas_icon.png */; };
		CB1248D31918879D009DA54C /* no_disponible.png in Resources */ = {isa = PBXBuildFile; fileRef = CB1248891918879D009DA54C /* no_disponible.png */; };
		CB1248D41918879D009DA54C /* perfil.png in Resources */ = {isa = PBXBuildFile; fileRef = CB12488A1918879D009DA54C /* perfil.png */; };
		CB1248D51918879D009DA54C /* recuperar.png in Resources */ = {isa = PBXBuildFile; fileRef = CB12488B1918879D009DA54C /* recuperar.png */; };
		CB1248D61918879D009DA54C /* reservar_off.png in Resources */ = {isa = PBXBuildFile; fileRef = CB12488C1918879D009DA54C /* reservar_off.png */; };
		CB1248D71918879D009DA54C /* reservar_on.png in Resources */ = {isa = PBXBuildFile; fileRef = CB12488D1918879D009DA54C /* reservar_on.png */; };
		CB1248D81918879D009DA54C /* sombra_abajo.png in Resources */ = {isa = PBXBuildFile; fileRef = CB12488E1918879D009DA54C /* sombra_abajo.png */; };
		CB1248D91918879D009DA54C /* splash_2.png in Resources */ = {isa = PBXBuildFile; fileRef = CB12488F1918879D009DA54C /* splash_2.png */; };
		CB1248DA1918879D009DA54C /* splash_logo.png in Resources */ = {isa = PBXBuildFile; fileRef = CB1248901918879D009DA54C /* splash_logo.png */; };
		CB1248DB1918879D009DA54C /* splash.png in Resources */ = {isa = PBXBuildFile; fileRef = CB1248911918879D009DA54C /* splash.png */; };
		CB1248DC1918879D009DA54C /* telon_black.png in Resources */ = {isa = PBXBuildFile; fileRef = CB1248921918879D009DA54C /* telon_black.png */; };
		CB1248DD1918879D009DA54C /* telon.png in Resources */ = {isa = PBXBuildFile; fileRef = CB1248931918879D009DA54C /* telon.png */; };
		CB1248DE1918879D009DA54C /* telones_icon.png in Resources */ = {isa = PBXBuildFile; fileRef = CB1248941918879D009DA54C /* telones_icon.png */; };
		CB1248DF1918879D009DA54C /* web_hi_res_512.png in Resources */ = {isa = PBXBuildFile; fileRef = CB1248951918879D009DA54C /* web_hi_res_512.png */; };
		CB13F09119193E120054E950 /* AYForgotPasswordView.m in Sources */ = {isa = PBXBuildFile; fileRef = CB13F09019193E120054E950 /* AYForgotPasswordView.m */; };
		CB13F09319193E250054E950 /* AYForgotPasswordView.xib in Resources */ = {isa = PBXBuildFile; fileRef = CB13F09219193E250054E950 /* AYForgotPasswordView.xib */; };
		CB634098191946CC00CA2915 /* GoogleMaps.framework in Frameworks */ = {isa = PBXBuildFile; fileRef = CB634097191946CC00CA2915 /* GoogleMaps.framework */; };
		CB63409A1919470500CA2915 /* GoogleMaps.bundle in Resources */ = {isa = PBXBuildFile; fileRef = CB6340991919470500CA2915 /* GoogleMaps.bundle */; };
		CB63409C1919476B00CA2915 /* AVFoundation.framework in Frameworks */ = {isa = PBXBuildFile; fileRef = CB63409B1919476B00CA2915 /* AVFoundation.framework */; };
		CB6340A01919478C00CA2915 /* CoreData.framework in Frameworks */ = {isa = PBXBuildFile; fileRef = CB63409D1919478C00CA2915 /* CoreData.framework */; };
		CB6340A11919478C00CA2915 /* CoreLocation.framework in Frameworks */ = {isa = PBXBuildFile; fileRef = CB63409E1919478C00CA2915 /* CoreLocation.framework */; };
		CB6340A21919478C00CA2915 /* CoreText.framework in Frameworks */ = {isa = PBXBuildFile; fileRef = CB63409F1919478C00CA2915 /* CoreText.framework */; };
		CB6340A41919479600CA2915 /* GLKit.framework in Frameworks */ = {isa = PBXBuildFile; fileRef = CB6340A31919479600CA2915 /* GLKit.framework */; };
		CB6340A61919479F00CA2915 /* ImageIO.framework in Frameworks */ = {isa = PBXBuildFile; fileRef = CB6340A51919479F00CA2915 /* ImageIO.framework */; };
		CB6340A8191947AF00CA2915 /* libc++.dylib in Frameworks */ = {isa = PBXBuildFile; fileRef = CB6340A7191947AF00CA2915 /* libc++.dylib */; };
		CB6340AA191947C100CA2915 /* libicucore.dylib in Frameworks */ = {isa = PBXBuildFile; fileRef = CB6340A9191947C100CA2915 /* libicucore.dylib */; };
		CB6340AC191947CC00CA2915 /* libz.dylib in Frameworks */ = {isa = PBXBuildFile; fileRef = CB6340AB191947CC00CA2915 /* libz.dylib */; };
		CB6340AE191947D400CA2915 /* OpenGLES.framework in Frameworks */ = {isa = PBXBuildFile; fileRef = CB6340AD191947D400CA2915 /* OpenGLES.framework */; };
		CB6340B0191947DC00CA2915 /* QuartzCore.framework in Frameworks */ = {isa = PBXBuildFile; fileRef = CB6340AF191947DC00CA2915 /* QuartzCore.framework */; };
		CB6340B2191947E900CA2915 /* SystemConfiguration.framework in Frameworks */ = {isa = PBXBuildFile; fileRef = CB6340B1191947E900CA2915 /* SystemConfiguration.framework */; };
		CBCD615C1918044900846E8C /* Foundation.framework in Frameworks */ = {isa = PBXBuildFile; fileRef = CBCD615B1918044900846E8C /* Foundation.framework */; };
		CBCD615E1918044900846E8C /* CoreGraphics.framework in Frameworks */ = {isa = PBXBuildFile; fileRef = CBCD615D1918044900846E8C /* CoreGraphics.framework */; };
		CBCD61601918044900846E8C /* UIKit.framework in Frameworks */ = {isa = PBXBuildFile; fileRef = CBCD615F1918044900846E8C /* UIKit.framework */; };
		CBCD61661918044900846E8C /* InfoPlist.strings in Resources */ = {isa = PBXBuildFile; fileRef = CBCD61641918044900846E8C /* InfoPlist.strings */; };
		CBCD61681918044900846E8C /* main.m in Sources */ = {isa = PBXBuildFile; fileRef = CBCD61671918044900846E8C /* main.m */; };
		CBCD616E1918044900846E8C /* Images.xcassets in Resources */ = {isa = PBXBuildFile; fileRef = CBCD616D1918044900846E8C /* Images.xcassets */; };
		CBCD61751918044900846E8C /* XCTest.framework in Frameworks */ = {isa = PBXBuildFile; fileRef = CBCD61741918044900846E8C /* XCTest.framework */; };
		CBCD61761918044900846E8C /* Foundation.framework in Frameworks */ = {isa = PBXBuildFile; fileRef = CBCD615B1918044900846E8C /* Foundation.framework */; };
		CBCD61771918044900846E8C /* UIKit.framework in Frameworks */ = {isa = PBXBuildFile; fileRef = CBCD615F1918044900846E8C /* UIKit.framework */; };
		CBCD617F1918044900846E8C /* InfoPlist.strings in Resources */ = {isa = PBXBuildFile; fileRef = CBCD617D1918044900846E8C /* InfoPlist.strings */; };
		CBCD61811918044900846E8C /* DelfinoMagnusTests.m in Sources */ = {isa = PBXBuildFile; fileRef = CBCD61801918044900846E8C /* DelfinoMagnusTests.m */; };
		CBCD61921918085E00846E8C /* AYAppDelegate.m in Sources */ = {isa = PBXBuildFile; fileRef = CBCD618C1918085E00846E8C /* AYAppDelegate.m */; };
		CBCD619F1918090900846E8C /* AYLoginViewController.m in Sources */ = {isa = PBXBuildFile; fileRef = CBCD619D1918090900846E8C /* AYLoginViewController.m */; };
		CBCD61A01918090900846E8C /* AYLoginViewController.xib in Resources */ = {isa = PBXBuildFile; fileRef = CBCD619E1918090900846E8C /* AYLoginViewController.xib */; };
		CBCD61A51918092F00846E8C /* AYHomeViewController.m in Sources */ = {isa = PBXBuildFile; fileRef = CBCD61A31918092F00846E8C /* AYHomeViewController.m */; };
		CBCD61A61918092F00846E8C /* AYHomeViewController.xib in Resources */ = {isa = PBXBuildFile; fileRef = CBCD61A41918092F00846E8C /* AYHomeViewController.xib */; };
/* End PBXBuildFile section */

/* Begin PBXContainerItemProxy section */
		CBCD61781918044900846E8C /* PBXContainerItemProxy */ = {
			isa = PBXContainerItemProxy;
			containerPortal = CBCD61501918044900846E8C /* Project object */;
			proxyType = 1;
			remoteGlobalIDString = CBCD61571918044900846E8C;
			remoteInfo = DelfinoMagnus;
		};
/* End PBXContainerItemProxy section */

/* Begin PBXFileReference section */
		CB12484C1918879D009DA54C /* back.png */ = {isa = PBXFileReference; lastKnownFileType = image.png; path = back.png; sourceTree = "<group>"; };
		CB12484D1918879D009DA54C /* back2.png */ = {isa = PBXFileReference; lastKnownFileType = image.png; path = back2.png; sourceTree = "<group>"; };
		CB12484E1918879D009DA54C /* back3.png */ = {isa = PBXFileReference; lastKnownFileType = image.png; path = back3.png; sourceTree = "<group>"; };
		CB12484F1918879D009DA54C /* bg_btn_cartel.png */ = {isa = PBXFileReference; lastKnownFileType = image.png; path = bg_btn_cartel.png; sourceTree = "<group>"; };
		CB1248501918879D009DA54C /* bg_btn_mediawall.png */ = {isa = PBXFileReference; lastKnownFileType = image.png; path = bg_btn_mediawall.png; sourceTree = "<group>"; };
		CB1248511918879D009DA54C /* bg_btn_monocolumna.png */ = {isa = PBXFileReference; lastKnownFileType = image.png; path = bg_btn_monocolumna.png; sourceTree = "<group>"; };
		CB1248521918879D009DA54C /* bg_btn_telon.png */ = {isa = PBXFileReference; lastKnownFileType = image.png; path = bg_btn_telon.png; sourceTree = "<group>"; };
		CB1248531918879D009DA54C /* bg_input.png */ = {isa = PBXFileReference; lastKnownFileType = image.png; path = bg_input.png; sourceTree = "<group>"; };
		CB1248541918879D009DA54C /* bg_login.png */ = {isa = PBXFileReference; lastKnownFileType = image.png; path = bg_login.png; sourceTree = "<group>"; };
		CB1248551918879D009DA54C /* blank_normal.png */ = {isa = PBXFileReference; lastKnownFileType = image.png; path = blank_normal.png; sourceTree = "<group>"; };
		CB1248561918879D009DA54C /* blank_pressed.png */ = {isa = PBXFileReference; lastKnownFileType = image.png; path = blank_pressed.png; sourceTree = "<group>"; };
		CB1248571918879D009DA54C /* btn_buscar.png */ = {isa = PBXFileReference; lastKnownFileType = image.png; path = btn_buscar.png; sourceTree = "<group>"; };
		CB1248581918879D009DA54C /* btn_busqueda.png */ = {isa = PBXFileReference; lastKnownFileType = image.png; path = btn_busqueda.png; sourceTree = "<group>"; };
		CB1248591918879D009DA54C /* btn_disponible.png */ = {isa = PBXFileReference; lastKnownFileType = image.png; path = btn_disponible.png; sourceTree = "<group>"; };
		CB12485A1918879D009DA54C /* btn_mapa_inactivo.png */ = {isa = PBXFileReference; lastKnownFileType = image.png; path = btn_mapa_inactivo.png; sourceTree = "<group>"; };
		CB12485B1918879D009DA54C /* btn_mapa.png */ = {isa = PBXFileReference; lastKnownFileType = image.png; path = btn_mapa.png; sourceTree = "<group>"; };
		CB12485C1918879D009DA54C /* btn_nodisponible.png */ = {isa = PBXFileReference; lastKnownFileType = image.png; path = btn_nodisponible.png; sourceTree = "<group>"; };
		CB12485D1918879D009DA54C /* burbuja_bottom_land.png */ = {isa = PBXFileReference; lastKnownFileType = image.png; path = burbuja_bottom_land.png; sourceTree = "<group>"; };
		CB12485E1918879D009DA54C /* burbuja_bottom.png */ = {isa = PBXFileReference; lastKnownFileType = image.png; path = burbuja_bottom.png; sourceTree = "<group>"; };
		CB12485F1918879D009DA54C /* burbuja_land.png */ = {isa = PBXFileReference; lastKnownFileType = image.png; path = burbuja_land.png; sourceTree = "<group>"; };
		CB1248601918879D009DA54C /* burbuja.png */ = {isa = PBXFileReference; lastKnownFileType = image.png; path = burbuja.png; sourceTree = "<group>"; };
		CB1248611918879D009DA54C /* buscar.png */ = {isa = PBXFileReference; lastKnownFileType = image.png; path = buscar.png; sourceTree = "<group>"; };
		CB1248621918879D009DA54C /* busqueda.png */ = {isa = PBXFileReference; lastKnownFileType = image.png; path = busqueda.png; sourceTree = "<group>"; };
		CB1248631918879D009DA54C /* calendario_normal.png */ = {isa = PBXFileReference; lastKnownFileType = image.png; path = calendario_normal.png; sourceTree = "<group>"; };
		CB1248641918879D009DA54C /* calendario_pressed.png */ = {isa = PBXFileReference; lastKnownFileType = image.png; path = calendario_pressed.png; sourceTree = "<group>"; };
		CB1248651918879D009DA54C /* calendario.png */ = {isa = PBXFileReference; lastKnownFileType = image.png; path = calendario.png; sourceTree = "<group>"; };
		CB1248661918879D009DA54C /* cartel_black.png */ = {isa = PBXFileReference; lastKnownFileType = image.png; path = cartel_black.png; sourceTree = "<group>"; };
		CB1248671918879D009DA54C /* cartel.png */ = {isa = PBXFileReference; lastKnownFileType = image.png; path = cartel.png; sourceTree = "<group>"; };
		CB1248681918879D009DA54C /* carteles_icon.png */ = {isa = PBXFileReference; lastKnownFileType = image.png; path = carteles_icon.png; sourceTree = "<group>"; };
		CB1248691918879D009DA54C /* cerrar.png */ = {isa = PBXFileReference; lastKnownFileType = image.png; path = cerrar.png; sourceTree = "<group>"; };
		CB12486A1918879D009DA54C /* cmi.png */ = {isa = PBXFileReference; lastKnownFileType = image.png; path = cmi.png; sourceTree = "<group>"; };
		CB12486B1918879D009DA54C /* disponible.png */ = {isa = PBXFileReference; lastKnownFileType = image.png; path = disponible.png; sourceTree = "<group>"; };
		CB12486C1918879D009DA54C /* ejemplo.jpg */ = {isa = PBXFileReference; lastKnownFileType = image.jpeg; path = ejemplo.jpg; sourceTree = "<group>"; };
		CB12486D1918879D009DA54C /* encendido.png */ = {isa = PBXFileReference; lastKnownFileType = image.png; path = encendido.png; sourceTree = "<group>"; };
		CB12486E1918879D009DA54C /* favorito_icon_off.png */ = {isa = PBXFileReference; lastKnownFileType = image.png; path = favorito_icon_off.png; sourceTree = "<group>"; };
		CB12486F1918879D009DA54C /* favorito_icon_on.png */ = {isa = PBXFileReference; lastKnownFileType = image.png; path = favorito_icon_on.png; sourceTree = "<group>"; };
		CB1248701918879D009DA54C /* favorito_off.png */ = {isa = PBXFileReference; lastKnownFileType = image.png; path = favorito_off.png; sourceTree = "<group>"; };
		CB1248711918879D009DA54C /* favorito_on.png */ = {isa = PBXFileReference; lastKnownFileType = image.png; path = favorito_on.png; sourceTree = "<group>"; };
		CB1248721918879D009DA54C /* favoritos.png */ = {isa = PBXFileReference; lastKnownFileType = image.png; path = favoritos.png; sourceTree = "<group>"; };
		CB1248731918879D009DA54C /* foto_normal.png */ = {isa = PBXFileReference; lastKnownFileType = image.png; path = foto_normal.png; sourceTree = "<group>"; };
		CB1248741918879D009DA54C /* foto_pressed.png */ = {isa = PBXFileReference; lastKnownFileType = image.png; path = foto_pressed.png; sourceTree = "<group>"; };
		CB1248751918879D009DA54C /* foto.png */ = {isa = PBXFileReference; lastKnownFileType = image.png; path = foto.png; sourceTree = "<group>"; };
		CB1248761918879D009DA54C /* help_1.png */ = {isa = PBXFileReference; lastKnownFileType = image.png; path = help_1.png; sourceTree = "<group>"; };
		CB1248771918879D009DA54C /* help_2.png */ = {isa = PBXFileReference; lastKnownFileType = image.png; path = help_2.png; sourceTree = "<group>"; };
		CB1248781918879D009DA54C /* help_3.png */ = {isa = PBXFileReference; lastKnownFileType = image.png; path = help_3.png; sourceTree = "<group>"; };
		CB1248791918879D009DA54C /* help_4.png */ = {isa = PBXFileReference; lastKnownFileType = image.png; path = help_4.png; sourceTree = "<group>"; };
		CB12487A1918879D009DA54C /* ic_launcher.png */ = {isa = PBXFileReference; lastKnownFileType = image.png; path = ic_launcher.png; sourceTree = "<group>"; };
		CB12487B1918879D009DA54C /* icon_help.png */ = {isa = PBXFileReference; lastKnownFileType = image.png; path = icon_help.png; sourceTree = "<group>"; };
		CB12487C1918879D009DA54C /* info_normal.png */ = {isa = PBXFileReference; lastKnownFileType = image.png; path = info_normal.png; sourceTree = "<group>"; };
		CB12487D1918879D009DA54C /* info_pressed.png */ = {isa = PBXFileReference; lastKnownFileType = image.png; path = info_pressed.png; sourceTree = "<group>"; };
		CB12487E1918879D009DA54C /* logo_full.png */ = {isa = PBXFileReference; lastKnownFileType = image.png; path = logo_full.png; sourceTree = "<group>"; };
		CB12487F1918879D009DA54C /* marker_un.png */ = {isa = PBXFileReference; lastKnownFileType = image.png; path = marker_un.png; sourceTree = "<group>"; };
		CB1248801918879D009DA54C /* marker.png */ = {isa = PBXFileReference; lastKnownFileType = image.png; path = marker.png; sourceTree = "<group>"; };
		CB1248811918879D009DA54C /* mediawall_black.png */ = {isa = PBXFileReference; lastKnownFileType = image.png; path = mediawall_black.png; sourceTree = "<group>"; };
		CB1248821918879D009DA54C /* mediawall_icon.png */ = {isa = PBXFileReference; lastKnownFileType = image.png; path = mediawall_icon.png; sourceTree = "<group>"; };
		CB1248831918879D009DA54C /* mediawall.png */ = {isa = PBXFileReference; lastKnownFileType = image.png; path = mediawall.png; sourceTree = "<group>"; };
		CB1248841918879D009DA54C /* menu_vacio.png */ = {isa = PBXFileReference; lastKnownFileType = image.png; path = menu_vacio.png; sourceTree = "<group>"; };
		CB1248851918879D009DA54C /* menu.png */ = {isa = PBXFileReference; lastKnownFileType = image.png; path = menu.png; sourceTree = "<group>"; };
		CB1248861918879D009DA54C /* monocolumna_black.png */ = {isa = PBXFileReference; lastKnownFileType = image.png; path = monocolumna_black.png; sourceTree = "<group>"; };
		CB1248871918879D009DA54C /* monocolumna.png */ = {isa = PBXFileReference; lastKnownFileType = image.png; path = monocolumna.png; sourceTree = "<group>"; };
		CB1248881918879D009DA54C /* monocolumnas_icon.png */ = {isa = PBXFileReference; lastKnownFileType = image.png; path = monocolumnas_icon.png; sourceTree = "<group>"; };
		CB1248891918879D009DA54C /* no_disponible.png */ = {isa = PBXFileReference; lastKnownFileType = image.png; path = no_disponible.png; sourceTree = "<group>"; };
		CB12488A1918879D009DA54C /* perfil.png */ = {isa = PBXFileReference; lastKnownFileType = image.png; path = perfil.png; sourceTree = "<group>"; };
		CB12488B1918879D009DA54C /* recuperar.png */ = {isa = PBXFileReference; lastKnownFileType = image.png; path = recuperar.png; sourceTree = "<group>"; };
		CB12488C1918879D009DA54C /* reservar_off.png */ = {isa = PBXFileReference; lastKnownFileType = image.png; path = reservar_off.png; sourceTree = "<group>"; };
		CB12488D1918879D009DA54C /* reservar_on.png */ = {isa = PBXFileReference; lastKnownFileType = image.png; path = reservar_on.png; sourceTree = "<group>"; };
		CB12488E1918879D009DA54C /* sombra_abajo.png */ = {isa = PBXFileReference; lastKnownFileType = image.png; path = sombra_abajo.png; sourceTree = "<group>"; };
		CB12488F1918879D009DA54C /* splash_2.png */ = {isa = PBXFileReference; lastKnownFileType = image.png; path = splash_2.png; sourceTree = "<group>"; };
		CB1248901918879D009DA54C /* splash_logo.png */ = {isa = PBXFileReference; lastKnownFileType = image.png; path = splash_logo.png; sourceTree = "<group>"; };
		CB1248911918879D009DA54C /* splash.png */ = {isa = PBXFileReference; lastKnownFileType = image.png; path = splash.png; sourceTree = "<group>"; };
		CB1248921918879D009DA54C /* telon_black.png */ = {isa = PBXFileReference; lastKnownFileType = image.png; path = telon_black.png; sourceTree = "<group>"; };
		CB1248931918879D009DA54C /* telon.png */ = {isa = PBXFileReference; lastKnownFileType = image.png; path = telon.png; sourceTree = "<group>"; };
		CB1248941918879D009DA54C /* telones_icon.png */ = {isa = PBXFileReference; lastKnownFileType = image.png; path = telones_icon.png; sourceTree = "<group>"; };
		CB1248951918879D009DA54C /* web_hi_res_512.png */ = {isa = PBXFileReference; lastKnownFileType = image.png; path = web_hi_res_512.png; sourceTree = "<group>"; };
		CB13F08F19193E120054E950 /* AYForgotPasswordView.h */ = {isa = PBXFileReference; fileEncoding = 4; lastKnownFileType = sourcecode.c.h; path = AYForgotPasswordView.h; sourceTree = "<group>"; };
		CB13F09019193E120054E950 /* AYForgotPasswordView.m */ = {isa = PBXFileReference; fileEncoding = 4; lastKnownFileType = sourcecode.c.objc; path = AYForgotPasswordView.m; sourceTree = "<group>"; };
		CB13F09219193E250054E950 /* AYForgotPasswordView.xib */ = {isa = PBXFileReference; fileEncoding = 4; lastKnownFileType = file.xib; path = AYForgotPasswordView.xib; sourceTree = "<group>"; };
		CB634097191946CC00CA2915 /* GoogleMaps.framework */ = {isa = PBXFileReference; lastKnownFileType = wrapper.framework; path = GoogleMaps.framework; sourceTree = "<group>"; };
		CB6340991919470500CA2915 /* GoogleMaps.bundle */ = {isa = PBXFileReference; lastKnownFileType = "wrapper.plug-in"; name = GoogleMaps.bundle; path = GoogleMaps.framework/Versions/A/Resources/GoogleMaps.bundle; sourceTree = "<group>"; };
		CB63409B1919476B00CA2915 /* AVFoundation.framework */ = {isa = PBXFileReference; lastKnownFileType = wrapper.framework; name = AVFoundation.framework; path = System/Library/Frameworks/AVFoundation.framework; sourceTree = SDKROOT; };
		CB63409D1919478C00CA2915 /* CoreData.framework */ = {isa = PBXFileReference; lastKnownFileType = wrapper.framework; name = CoreData.framework; path = System/Library/Frameworks/CoreData.framework; sourceTree = SDKROOT; };
		CB63409E1919478C00CA2915 /* CoreLocation.framework */ = {isa = PBXFileReference; lastKnownFileType = wrapper.framework; name = CoreLocation.framework; path = System/Library/Frameworks/CoreLocation.framework; sourceTree = SDKROOT; };
		CB63409F1919478C00CA2915 /* CoreText.framework */ = {isa = PBXFileReference; lastKnownFileType = wrapper.framework; name = CoreText.framework; path = System/Library/Frameworks/CoreText.framework; sourceTree = SDKROOT; };
		CB6340A31919479600CA2915 /* GLKit.framework */ = {isa = PBXFileReference; lastKnownFileType = wrapper.framework; name = GLKit.framework; path = System/Library/Frameworks/GLKit.framework; sourceTree = SDKROOT; };
		CB6340A51919479F00CA2915 /* ImageIO.framework */ = {isa = PBXFileReference; lastKnownFileType = wrapper.framework; name = ImageIO.framework; path = System/Library/Frameworks/ImageIO.framework; sourceTree = SDKROOT; };
		CB6340A7191947AF00CA2915 /* libc++.dylib */ = {isa = PBXFileReference; lastKnownFileType = "compiled.mach-o.dylib"; name = "libc++.dylib"; path = "usr/lib/libc++.dylib"; sourceTree = SDKROOT; };
		CB6340A9191947C100CA2915 /* libicucore.dylib */ = {isa = PBXFileReference; lastKnownFileType = "compiled.mach-o.dylib"; name = libicucore.dylib; path = usr/lib/libicucore.dylib; sourceTree = SDKROOT; };
		CB6340AB191947CC00CA2915 /* libz.dylib */ = {isa = PBXFileReference; lastKnownFileType = "compiled.mach-o.dylib"; name = libz.dylib; path = usr/lib/libz.dylib; sourceTree = SDKROOT; };
		CB6340AD191947D400CA2915 /* OpenGLES.framework */ = {isa = PBXFileReference; lastKnownFileType = wrapper.framework; name = OpenGLES.framework; path = System/Library/Frameworks/OpenGLES.framework; sourceTree = SDKROOT; };
		CB6340AF191947DC00CA2915 /* QuartzCore.framework */ = {isa = PBXFileReference; lastKnownFileType = wrapper.framework; name = QuartzCore.framework; path = System/Library/Frameworks/QuartzCore.framework; sourceTree = SDKROOT; };
		CB6340B1191947E900CA2915 /* SystemConfiguration.framework */ = {isa = PBXFileReference; lastKnownFileType = wrapper.framework; name = SystemConfiguration.framework; path = System/Library/Frameworks/SystemConfiguration.framework; sourceTree = SDKROOT; };
		CB6340B3191949A400CA2915 /* AYConstants.h */ = {isa = PBXFileReference; fileEncoding = 4; lastKnownFileType = sourcecode.c.h; path = AYConstants.h; sourceTree = "<group>"; };
		CBCD61581918044900846E8C /* DelfinoMagnus.app */ = {isa = PBXFileReference; explicitFileType = wrapper.application; includeInIndex = 0; path = DelfinoMagnus.app; sourceTree = BUILT_PRODUCTS_DIR; };
		CBCD615B1918044900846E8C /* Foundation.framework */ = {isa = PBXFileReference; lastKnownFileType = wrapper.framework; name = Foundation.framework; path = System/Library/Frameworks/Foundation.framework; sourceTree = SDKROOT; };
		CBCD615D1918044900846E8C /* CoreGraphics.framework */ = {isa = PBXFileReference; lastKnownFileType = wrapper.framework; name = CoreGraphics.framework; path = System/Library/Frameworks/CoreGraphics.framework; sourceTree = SDKROOT; };
		CBCD615F1918044900846E8C /* UIKit.framework */ = {isa = PBXFileReference; lastKnownFileType = wrapper.framework; name = UIKit.framework; path = System/Library/Frameworks/UIKit.framework; sourceTree = SDKROOT; };
		CBCD61631918044900846E8C /* DelfinoMagnus-Info.plist */ = {isa = PBXFileReference; lastKnownFileType = text.plist.xml; path = "DelfinoMagnus-Info.plist"; sourceTree = "<group>"; };
		CBCD61651918044900846E8C /* en */ = {isa = PBXFileReference; lastKnownFileType = text.plist.strings; name = en; path = en.lproj/InfoPlist.strings; sourceTree = "<group>"; };
		CBCD61671918044900846E8C /* main.m */ = {isa = PBXFileReference; lastKnownFileType = sourcecode.c.objc; path = main.m; sourceTree = "<group>"; };
		CBCD61691918044900846E8C /* DelfinoMagnus-Prefix.pch */ = {isa = PBXFileReference; lastKnownFileType = sourcecode.c.h; path = "DelfinoMagnus-Prefix.pch"; sourceTree = "<group>"; };
		CBCD616D1918044900846E8C /* Images.xcassets */ = {isa = PBXFileReference; lastKnownFileType = folder.assetcatalog; path = Images.xcassets; sourceTree = "<group>"; };
		CBCD61731918044900846E8C /* DelfinoMagnusTests.xctest */ = {isa = PBXFileReference; explicitFileType = wrapper.cfbundle; includeInIndex = 0; path = DelfinoMagnusTests.xctest; sourceTree = BUILT_PRODUCTS_DIR; };
		CBCD61741918044900846E8C /* XCTest.framework */ = {isa = PBXFileReference; lastKnownFileType = wrapper.framework; name = XCTest.framework; path = Library/Frameworks/XCTest.framework; sourceTree = DEVELOPER_DIR; };
		CBCD617C1918044900846E8C /* DelfinoMagnusTests-Info.plist */ = {isa = PBXFileReference; lastKnownFileType = text.plist.xml; path = "DelfinoMagnusTests-Info.plist"; sourceTree = "<group>"; };
		CBCD617E1918044900846E8C /* en */ = {isa = PBXFileReference; lastKnownFileType = text.plist.strings; name = en; path = en.lproj/InfoPlist.strings; sourceTree = "<group>"; };
		CBCD61801918044900846E8C /* DelfinoMagnusTests.m */ = {isa = PBXFileReference; lastKnownFileType = sourcecode.c.objc; path = DelfinoMagnusTests.m; sourceTree = "<group>"; };
		CBCD618B1918085E00846E8C /* AYAppDelegate.h */ = {isa = PBXFileReference; fileEncoding = 4; lastKnownFileType = sourcecode.c.h; path = AYAppDelegate.h; sourceTree = "<group>"; };
		CBCD618C1918085E00846E8C /* AYAppDelegate.m */ = {isa = PBXFileReference; fileEncoding = 4; lastKnownFileType = sourcecode.c.objc; path = AYAppDelegate.m; sourceTree = "<group>"; };
		CBCD619C1918090900846E8C /* AYLoginViewController.h */ = {isa = PBXFileReference; fileEncoding = 4; lastKnownFileType = sourcecode.c.h; path = AYLoginViewController.h; sourceTree = "<group>"; };
		CBCD619D1918090900846E8C /* AYLoginViewController.m */ = {isa = PBXFileReference; fileEncoding = 4; lastKnownFileType = sourcecode.c.objc; path = AYLoginViewController.m; sourceTree = "<group>"; };
		CBCD619E1918090900846E8C /* AYLoginViewController.xib */ = {isa = PBXFileReference; fileEncoding = 4; lastKnownFileType = file.xib; path = AYLoginViewController.xib; sourceTree = "<group>"; };
		CBCD61A21918092F00846E8C /* AYHomeViewController.h */ = {isa = PBXFileReference; fileEncoding = 4; lastKnownFileType = sourcecode.c.h; path = AYHomeViewController.h; sourceTree = "<group>"; };
		CBCD61A31918092F00846E8C /* AYHomeViewController.m */ = {isa = PBXFileReference; fileEncoding = 4; lastKnownFileType = sourcecode.c.objc; path = AYHomeViewController.m; sourceTree = "<group>"; };
		CBCD61A41918092F00846E8C /* AYHomeViewController.xib */ = {isa = PBXFileReference; fileEncoding = 4; lastKnownFileType = file.xib; path = AYHomeViewController.xib; sourceTree = "<group>"; };
/* End PBXFileReference section */

/* Begin PBXFrameworksBuildPhase section */
		CBCD61551918044900846E8C /* Frameworks */ = {
			isa = PBXFrameworksBuildPhase;
			buildActionMask = 2147483647;
			files = (
				CB6340B2191947E900CA2915 /* SystemConfiguration.framework in Frameworks */,
				CB6340B0191947DC00CA2915 /* QuartzCore.framework in Frameworks */,
				CB6340AE191947D400CA2915 /* OpenGLES.framework in Frameworks */,
				CB6340AC191947CC00CA2915 /* libz.dylib in Frameworks */,
				CB6340AA191947C100CA2915 /* libicucore.dylib in Frameworks */,
				CB6340A8191947AF00CA2915 /* libc++.dylib in Frameworks */,
				CB6340A61919479F00CA2915 /* ImageIO.framework in Frameworks */,
				CB6340A41919479600CA2915 /* GLKit.framework in Frameworks */,
				CB6340A01919478C00CA2915 /* CoreData.framework in Frameworks */,
				CB6340A11919478C00CA2915 /* CoreLocation.framework in Frameworks */,
				CB6340A21919478C00CA2915 /* CoreText.framework in Frameworks */,
				CB63409C1919476B00CA2915 /* AVFoundation.framework in Frameworks */,
				CBCD615E1918044900846E8C /* CoreGraphics.framework in Frameworks */,
				CBCD61601918044900846E8C /* UIKit.framework in Frameworks */,
				CB634098191946CC00CA2915 /* GoogleMaps.framework in Frameworks */,
				CBCD615C1918044900846E8C /* Foundation.framework in Frameworks */,
			);
			runOnlyForDeploymentPostprocessing = 0;
		};
		CBCD61701918044900846E8C /* Frameworks */ = {
			isa = PBXFrameworksBuildPhase;
			buildActionMask = 2147483647;
			files = (
				CBCD61751918044900846E8C /* XCTest.framework in Frameworks */,
				CBCD61771918044900846E8C /* UIKit.framework in Frameworks */,
				CBCD61761918044900846E8C /* Foundation.framework in Frameworks */,
			);
			runOnlyForDeploymentPostprocessing = 0;
		};
/* End PBXFrameworksBuildPhase section */

/* Begin PBXGroup section */
		CB13F08E19193DF70054E950 /* ForgotPasswordView */ = {
			isa = PBXGroup;
			children = (
				CB13F08F19193E120054E950 /* AYForgotPasswordView.h */,
				CB13F09019193E120054E950 /* AYForgotPasswordView.m */,
				CB13F09219193E250054E950 /* AYForgotPasswordView.xib */,
			);
			path = ForgotPasswordView;
			sourceTree = "<group>";
		};
		CBCD614F1918044900846E8C = {
			isa = PBXGroup;
			children = (
				CBCD61611918044900846E8C /* DelfinoMagnus */,
				CBCD617A1918044900846E8C /* DelfinoMagnusTests */,
				CBCD615A1918044900846E8C /* Frameworks */,
				CBCD61591918044900846E8C /* Products */,
			);
			sourceTree = "<group>";
		};
		CBCD61591918044900846E8C /* Products */ = {
			isa = PBXGroup;
			children = (
				CBCD61581918044900846E8C /* DelfinoMagnus.app */,
				CBCD61731918044900846E8C /* DelfinoMagnusTests.xctest */,
			);
			name = Products;
			sourceTree = "<group>";
		};
		CBCD615A1918044900846E8C /* Frameworks */ = {
			isa = PBXGroup;
			children = (
				CB6340B1191947E900CA2915 /* SystemConfiguration.framework */,
				CB6340AF191947DC00CA2915 /* QuartzCore.framework */,
				CB6340AD191947D400CA2915 /* OpenGLES.framework */,
				CB6340AB191947CC00CA2915 /* libz.dylib */,
				CB6340A9191947C100CA2915 /* libicucore.dylib */,
				CB6340A7191947AF00CA2915 /* libc++.dylib */,
				CB6340A51919479F00CA2915 /* ImageIO.framework */,
				CB6340A31919479600CA2915 /* GLKit.framework */,
				CB63409D1919478C00CA2915 /* CoreData.framework */,
				CB63409E1919478C00CA2915 /* CoreLocation.framework */,
				CB63409F1919478C00CA2915 /* CoreText.framework */,
				CB63409B1919476B00CA2915 /* AVFoundation.framework */,
				CB6340991919470500CA2915 /* GoogleMaps.bundle */,
				CB634097191946CC00CA2915 /* GoogleMaps.framework */,
				CBCD615B1918044900846E8C /* Foundation.framework */,
				CBCD615D1918044900846E8C /* CoreGraphics.framework */,
				CBCD615F1918044900846E8C /* UIKit.framework */,
				CBCD61741918044900846E8C /* XCTest.framework */,
			);
			name = Frameworks;
			sourceTree = "<group>";
		};
		CBCD61611918044900846E8C /* DelfinoMagnus */ = {
			isa = PBXGroup;
			children = (
				CBCD6195191808B700846E8C /* NetworkManager */,
				CBCD618A1918085E00846E8C /* AppDelegate */,
				CBCD618D1918085E00846E8C /* Constants */,
				CBCD618E1918085E00846E8C /* UIClasses */,
				CBCD61911918085E00846E8C /* Utilities */,
				CBCD616D1918044900846E8C /* Images.xcassets */,
				CBCD61621918044900846E8C /* Supporting Files */,
			);
			path = DelfinoMagnus;
			sourceTree = "<group>";
		};
		CBCD61621918044900846E8C /* Supporting Files */ = {
			isa = PBXGroup;
			children = (
				CBCD61931918087A00846E8C /* Resources */,
				CBCD61631918044900846E8C /* DelfinoMagnus-Info.plist */,
				CBCD61641918044900846E8C /* InfoPlist.strings */,
				CBCD61671918044900846E8C /* main.m */,
				CBCD61691918044900846E8C /* DelfinoMagnus-Prefix.pch */,
			);
			name = "Supporting Files";
			sourceTree = "<group>";
		};
		CBCD617A1918044900846E8C /* DelfinoMagnusTests */ = {
			isa = PBXGroup;
			children = (
				CBCD61801918044900846E8C /* DelfinoMagnusTests.m */,
				CBCD617B1918044900846E8C /* Supporting Files */,
			);
			path = DelfinoMagnusTests;
			sourceTree = "<group>";
		};
		CBCD617B1918044900846E8C /* Supporting Files */ = {
			isa = PBXGroup;
			children = (
				CBCD617C1918044900846E8C /* DelfinoMagnusTests-Info.plist */,
				CBCD617D1918044900846E8C /* InfoPlist.strings */,
			);
			name = "Supporting Files";
			sourceTree = "<group>";
		};
		CBCD618A1918085E00846E8C /* AppDelegate */ = {
			isa = PBXGroup;
			children = (
				CBCD618B1918085E00846E8C /* AYAppDelegate.h */,
				CBCD618C1918085E00846E8C /* AYAppDelegate.m */,
			);
			path = AppDelegate;
			sourceTree = "<group>";
		};
		CBCD618D1918085E00846E8C /* Constants */ = {
			isa = PBXGroup;
			children = (
				CB6340B3191949A400CA2915 /* AYConstants.h */,
			);
			path = Constants;
			sourceTree = "<group>";
		};
		CBCD618E1918085E00846E8C /* UIClasses */ = {
			isa = PBXGroup;
			children = (
				CBCD618F1918085E00846E8C /* ViewControllers */,
				CBCD61901918085E00846E8C /* Views */,
			);
			path = UIClasses;
			sourceTree = "<group>";
		};
		CBCD618F1918085E00846E8C /* ViewControllers */ = {
			isa = PBXGroup;
			children = (
				CBCD61A11918092200846E8C /* HomeViewController */,
				CBCD619B1918090900846E8C /* LoginViewController */,
			);
			path = ViewControllers;
			sourceTree = "<group>";
		};
		CBCD61901918085E00846E8C /* Views */ = {
			isa = PBXGroup;
			children = (
				CB13F08E19193DF70054E950 /* ForgotPasswordView */,
			);
			path = Views;
			sourceTree = "<group>";
		};
		CBCD61911918085E00846E8C /* Utilities */ = {
			isa = PBXGroup;
			children = (
			);
			path = Utilities;
			sourceTree = "<group>";
		};
		CBCD61931918087A00846E8C /* Resources */ = {
			isa = PBXGroup;
			children = (
				CBCD61941918089400846E8C /* Images */,
			);
			path = Resources;
			sourceTree = "<group>";
		};
		CBCD61941918089400846E8C /* Images */ = {
			isa = PBXGroup;
			children = (
				CB12484C1918879D009DA54C /* back.png */,
				CB12484D1918879D009DA54C /* back2.png */,
				CB12484E1918879D009DA54C /* back3.png */,
				CB12484F1918879D009DA54C /* bg_btn_cartel.png */,
				CB1248501918879D009DA54C /* bg_btn_mediawall.png */,
				CB1248511918879D009DA54C /* bg_btn_monocolumna.png */,
				CB1248521918879D009DA54C /* bg_btn_telon.png */,
				CB1248531918879D009DA54C /* bg_input.png */,
				CB1248541918879D009DA54C /* bg_login.png */,
				CB1248551918879D009DA54C /* blank_normal.png */,
				CB1248561918879D009DA54C /* blank_pressed.png */,
				CB1248571918879D009DA54C /* btn_buscar.png */,
				CB1248581918879D009DA54C /* btn_busqueda.png */,
				CB1248591918879D009DA54C /* btn_disponible.png */,
				CB12485A1918879D009DA54C /* btn_mapa_inactivo.png */,
				CB12485B1918879D009DA54C /* btn_mapa.png */,
				CB12485C1918879D009DA54C /* btn_nodisponible.png */,
				CB12485D1918879D009DA54C /* burbuja_bottom_land.png */,
				CB12485E1918879D009DA54C /* burbuja_bottom.png */,
				CB12485F1918879D009DA54C /* burbuja_land.png */,
				CB1248601918879D009DA54C /* burbuja.png */,
				CB1248611918879D009DA54C /* buscar.png */,
				CB1248621918879D009DA54C /* busqueda.png */,
				CB1248631918879D009DA54C /* calendario_normal.png */,
				CB1248641918879D009DA54C /* calendario_pressed.png */,
				CB1248651918879D009DA54C /* calendario.png */,
				CB1248661918879D009DA54C /* cartel_black.png */,
				CB1248671918879D009DA54C /* cartel.png */,
				CB1248681918879D009DA54C /* carteles_icon.png */,
				CB1248691918879D009DA54C /* cerrar.png */,
				CB12486A1918879D009DA54C /* cmi.png */,
				CB12486B1918879D009DA54C /* disponible.png */,
				CB12486C1918879D009DA54C /* ejemplo.jpg */,
				CB12486D1918879D009DA54C /* encendido.png */,
				CB12486E1918879D009DA54C /* favorito_icon_off.png */,
				CB12486F1918879D009DA54C /* favorito_icon_on.png */,
				CB1248701918879D009DA54C /* favorito_off.png */,
				CB1248711918879D009DA54C /* favorito_on.png */,
				CB1248721918879D009DA54C /* favoritos.png */,
				CB1248731918879D009DA54C /* foto_normal.png */,
				CB1248741918879D009DA54C /* foto_pressed.png */,
				CB1248751918879D009DA54C /* foto.png */,
				CB1248761918879D009DA54C /* help_1.png */,
				CB1248771918879D009DA54C /* help_2.png */,
				CB1248781918879D009DA54C /* help_3.png */,
				CB1248791918879D009DA54C /* help_4.png */,
				CB12487A1918879D009DA54C /* ic_launcher.png */,
				CB12487B1918879D009DA54C /* icon_help.png */,
				CB12487C1918879D009DA54C /* info_normal.png */,
				CB12487D1918879D009DA54C /* info_pressed.png */,
				CB12487E1918879D009DA54C /* logo_full.png */,
				CB12487F1918879D009DA54C /* marker_un.png */,
				CB1248801918879D009DA54C /* marker.png */,
				CB1248811918879D009DA54C /* mediawall_black.png */,
				CB1248821918879D009DA54C /* mediawall_icon.png */,
				CB1248831918879D009DA54C /* mediawall.png */,
				CB1248841918879D009DA54C /* menu_vacio.png */,
				CB1248851918879D009DA54C /* menu.png */,
				CB1248861918879D009DA54C /* monocolumna_black.png */,
				CB1248871918879D009DA54C /* monocolumna.png */,
				CB1248881918879D009DA54C /* monocolumnas_icon.png */,
				CB1248891918879D009DA54C /* no_disponible.png */,
				CB12488A1918879D009DA54C /* perfil.png */,
				CB12488B1918879D009DA54C /* recuperar.png */,
				CB12488C1918879D009DA54C /* reservar_off.png */,
				CB12488D1918879D009DA54C /* reservar_on.png */,
				CB12488E1918879D009DA54C /* sombra_abajo.png */,
				CB12488F1918879D009DA54C /* splash_2.png */,
				CB1248901918879D009DA54C /* splash_logo.png */,
				CB1248911918879D009DA54C /* splash.png */,
				CB1248921918879D009DA54C /* telon_black.png */,
				CB1248931918879D009DA54C /* telon.png */,
				CB1248941918879D009DA54C /* telones_icon.png */,
				CB1248951918879D009DA54C /* web_hi_res_512.png */,
			);
			path = Images;
			sourceTree = "<group>";
		};
		CBCD6195191808B700846E8C /* NetworkManager */ = {
			isa = PBXGroup;
			children = (
			);
			path = NetworkManager;
			sourceTree = "<group>";
		};
		CBCD619B1918090900846E8C /* LoginViewController */ = {
			isa = PBXGroup;
			children = (
				CBCD619C1918090900846E8C /* AYLoginViewController.h */,
				CBCD619D1918090900846E8C /* AYLoginViewController.m */,
				CBCD619E1918090900846E8C /* AYLoginViewController.xib */,
			);
			path = LoginViewController;
			sourceTree = "<group>";
		};
		CBCD61A11918092200846E8C /* HomeViewController */ = {
			isa = PBXGroup;
			children = (
				CBCD61A21918092F00846E8C /* AYHomeViewController.h */,
				CBCD61A31918092F00846E8C /* AYHomeViewController.m */,
				CBCD61A41918092F00846E8C /* AYHomeViewController.xib */,
			);
			path = HomeViewController;
			sourceTree = "<group>";
		};
/* End PBXGroup section */

/* Begin PBXNativeTarget section */
		CBCD61571918044900846E8C /* DelfinoMagnus */ = {
			isa = PBXNativeTarget;
			buildConfigurationList = CBCD61841918044900846E8C /* Build configuration list for PBXNativeTarget "DelfinoMagnus" */;
			buildPhases = (
				CBCD61541918044900846E8C /* Sources */,
				CBCD61551918044900846E8C /* Frameworks */,
				CBCD61561918044900846E8C /* Resources */,
			);
			buildRules = (
			);
			dependencies = (
			);
			name = DelfinoMagnus;
			productName = DelfinoMagnus;
			productReference = CBCD61581918044900846E8C /* DelfinoMagnus.app */;
			productType = "com.apple.product-type.application";
		};
		CBCD61721918044900846E8C /* DelfinoMagnusTests */ = {
			isa = PBXNativeTarget;
			buildConfigurationList = CBCD61871918044900846E8C /* Build configuration list for PBXNativeTarget "DelfinoMagnusTests" */;
			buildPhases = (
				CBCD616F1918044900846E8C /* Sources */,
				CBCD61701918044900846E8C /* Frameworks */,
				CBCD61711918044900846E8C /* Resources */,
			);
			buildRules = (
			);
			dependencies = (
				CBCD61791918044900846E8C /* PBXTargetDependency */,
			);
			name = DelfinoMagnusTests;
			productName = DelfinoMagnusTests;
			productReference = CBCD61731918044900846E8C /* DelfinoMagnusTests.xctest */;
			productType = "com.apple.product-type.bundle.unit-test";
		};
/* End PBXNativeTarget section */

/* Begin PBXProject section */
		CBCD61501918044900846E8C /* Project object */ = {
			isa = PBXProject;
			attributes = {
				CLASSPREFIX = AY;
				LastUpgradeCheck = 0500;
				ORGANIZATIONNAME = Delfino;
				TargetAttributes = {
					CBCD61721918044900846E8C = {
						TestTargetID = CBCD61571918044900846E8C;
					};
				};
			};
			buildConfigurationList = CBCD61531918044900846E8C /* Build configuration list for PBXProject "DelfinoMagnus" */;
			compatibilityVersion = "Xcode 3.2";
			developmentRegion = English;
			hasScannedForEncodings = 0;
			knownRegions = (
				en,
			);
			mainGroup = CBCD614F1918044900846E8C;
			productRefGroup = CBCD61591918044900846E8C /* Products */;
			projectDirPath = "";
			projectRoot = "";
			targets = (
				CBCD61571918044900846E8C /* DelfinoMagnus */,
				CBCD61721918044900846E8C /* DelfinoMagnusTests */,
			);
		};
/* End PBXProject section */

/* Begin PBXResourcesBuildPhase section */
		CBCD61561918044900846E8C /* Resources */ = {
			isa = PBXResourcesBuildPhase;
			buildActionMask = 2147483647;
			files = (
				CB1248D81918879D009DA54C /* sombra_abajo.png in Resources */,
				CBCD61A01918090900846E8C /* AYLoginViewController.xib in Resources */,
				CB1248AC1918879D009DA54C /* busqueda.png in Resources */,
				CB1248C01918879D009DA54C /* help_1.png in Resources */,
				CB1248A71918879D009DA54C /* burbuja_bottom_land.png in Resources */,
				CB1248AF1918879D009DA54C /* calendario.png in Resources */,
				CB1248A51918879D009DA54C /* btn_mapa.png in Resources */,
				CB12489F1918879D009DA54C /* blank_normal.png in Resources */,
				CB1248961918879D009DA54C /* back.png in Resources */,
				CB1248C71918879D009DA54C /* info_pressed.png in Resources */,
				CB1248B61918879D009DA54C /* ejemplo.jpg in Resources */,
				CB1248991918879D009DA54C /* bg_btn_cartel.png in Resources */,
				CB1248AA1918879D009DA54C /* burbuja.png in Resources */,
				CB1248DA1918879D009DA54C /* splash_logo.png in Resources */,
				CB1248A11918879D009DA54C /* btn_buscar.png in Resources */,
				CB1248A41918879D009DA54C /* btn_mapa_inactivo.png in Resources */,
				CBCD61661918044900846E8C /* InfoPlist.strings in Resources */,
				CB1248B91918879D009DA54C /* favorito_icon_on.png in Resources */,
				CB1248CD1918879D009DA54C /* mediawall.png in Resources */,
				CB1248D51918879D009DA54C /* recuperar.png in Resources */,
				CB1248BB1918879D009DA54C /* favorito_on.png in Resources */,
				CB1248B41918879D009DA54C /* cmi.png in Resources */,
				CB1248DD1918879D009DA54C /* telon.png in Resources */,
				CB1248C31918879D009DA54C /* help_4.png in Resources */,
				CB1248B01918879D009DA54C /* cartel_black.png in Resources */,
				CB1248CC1918879D009DA54C /* mediawall_icon.png in Resources */,
				CB1248C91918879D009DA54C /* marker_un.png in Resources */,
				CB1248DB1918879D009DA54C /* splash.png in Resources */,
				CB1248AE1918879D009DA54C /* calendario_pressed.png in Resources */,
				CB1248CF1918879D009DA54C /* menu.png in Resources */,
				CB1248D91918879D009DA54C /* splash_2.png in Resources */,
				CB12489C1918879D009DA54C /* bg_btn_telon.png in Resources */,
				CB12489B1918879D009DA54C /* bg_btn_monocolumna.png in Resources */,
				CB1248D21918879D009DA54C /* monocolumnas_icon.png in Resources */,
				CB1248971918879D009DA54C /* back2.png in Resources */,
				CB1248D01918879D009DA54C /* monocolumna_black.png in Resources */,
				CB1248AD1918879D009DA54C /* calendario_normal.png in Resources */,
				CB1248C61918879D009DA54C /* info_normal.png in Resources */,
				CB1248DE1918879D009DA54C /* telones_icon.png in Resources */,
				CB63409A1919470500CA2915 /* GoogleMaps.bundle in Resources */,
				CB1248BA1918879D009DA54C /* favorito_off.png in Resources */,
				CB1248C51918879D009DA54C /* icon_help.png in Resources */,
				CB12489D1918879D009DA54C /* bg_input.png in Resources */,
				CB1248B21918879D009DA54C /* carteles_icon.png in Resources */,
				CB1248DF1918879D009DA54C /* web_hi_res_512.png in Resources */,
				CBCD616E1918044900846E8C /* Images.xcassets in Resources */,
				CB1248C41918879D009DA54C /* ic_launcher.png in Resources */,
				CB1248BD1918879D009DA54C /* foto_normal.png in Resources */,
				CB1248B51918879D009DA54C /* disponible.png in Resources */,
				CB1248A21918879D009DA54C /* btn_busqueda.png in Resources */,
				CB13F09319193E250054E950 /* AYForgotPasswordView.xib in Resources */,
				CB12489E1918879D009DA54C /* bg_login.png in Resources */,
				CB1248DC1918879D009DA54C /* telon_black.png in Resources */,
				CB1248AB1918879D009DA54C /* buscar.png in Resources */,
				CB1248D11918879D009DA54C /* monocolumna.png in Resources */,
				CB1248B31918879D009DA54C /* cerrar.png in Resources */,
				CB1248D41918879D009DA54C /* perfil.png in Resources */,
				CB1248C21918879D009DA54C /* help_3.png in Resources */,
				CB1248BC1918879D009DA54C /* favoritos.png in Resources */,
				CB1248CA1918879D009DA54C /* marker.png in Resources */,
				CB1248A81918879D009DA54C /* burbuja_bottom.png in Resources */,
				CB1248B11918879D009DA54C /* cartel.png in Resources */,
				CB1248981918879D009DA54C /* back3.png in Resources */,
				CB1248C81918879D009DA54C /* logo_full.png in Resources */,
				CB1248B71918879D009DA54C /* encendido.png in Resources */,
				CB1248D31918879D009DA54C /* no_disponible.png in Resources */,
				CB1248D71918879D009DA54C /* reservar_on.png in Resources */,
				CBCD61A61918092F00846E8C /* AYHomeViewController.xib in Resources */,
				CB1248C11918879D009DA54C /* help_2.png in Resources */,
				CB1248A61918879D009DA54C /* btn_nodisponible.png in Resources */,
				CB1248CB1918879D009DA54C /* mediawall_black.png in Resources */,
				CB1248BF1918879D009DA54C /* foto.png in Resources */,
				CB1248A91918879D009DA54C /* burbuja_land.png in Resources */,
				CB1248CE1918879D009DA54C /* menu_vacio.png in Resources */,
				CB1248A31918879D009DA54C /* btn_disponible.png in Resources */,
				CB1248A01918879D009DA54C /* blank_pressed.png in Resources */,
				CB1248D61918879D009DA54C /* reservar_off.png in Resources */,
				CB1248BE1918879D009DA54C /* foto_pressed.png in Resources */,
				CB12489A1918879D009DA54C /* bg_btn_mediawall.png in Resources */,
				CB1248B81918879D009DA54C /* favorito_icon_off.png in Resources */,
			);
			runOnlyForDeploymentPostprocessing = 0;
		};
		CBCD61711918044900846E8C /* Resources */ = {
			isa = PBXResourcesBuildPhase;
			buildActionMask = 2147483647;
			files = (
				CBCD617F1918044900846E8C /* InfoPlist.strings in Resources */,
			);
			runOnlyForDeploymentPostprocessing = 0;
		};
/* End PBXResourcesBuildPhase section */

/* Begin PBXSourcesBuildPhase section */
		CBCD61541918044900846E8C /* Sources */ = {
			isa = PBXSourcesBuildPhase;
			buildActionMask = 2147483647;
			files = (
				CBCD619F1918090900846E8C /* AYLoginViewController.m in Sources */,
				CB13F09119193E120054E950 /* AYForgotPasswordView.m in Sources */,
				CBCD61681918044900846E8C /* main.m in Sources */,
				CBCD61921918085E00846E8C /* AYAppDelegate.m in Sources */,
				CBCD61A51918092F00846E8C /* AYHomeViewController.m in Sources */,
			);
			runOnlyForDeploymentPostprocessing = 0;
		};
		CBCD616F1918044900846E8C /* Sources */ = {
			isa = PBXSourcesBuildPhase;
			buildActionMask = 2147483647;
			files = (
				CBCD61811918044900846E8C /* DelfinoMagnusTests.m in Sources */,
			);
			runOnlyForDeploymentPostprocessing = 0;
		};
/* End PBXSourcesBuildPhase section */

/* Begin PBXTargetDependency section */
		CBCD61791918044900846E8C /* PBXTargetDependency */ = {
			isa = PBXTargetDependency;
			target = CBCD61571918044900846E8C /* DelfinoMagnus */;
			targetProxy = CBCD61781918044900846E8C /* PBXContainerItemProxy */;
		};
/* End PBXTargetDependency section */

/* Begin PBXVariantGroup section */
		CBCD61641918044900846E8C /* InfoPlist.strings */ = {
			isa = PBXVariantGroup;
			children = (
				CBCD61651918044900846E8C /* en */,
			);
			name = InfoPlist.strings;
			sourceTree = "<group>";
		};
		CBCD617D1918044900846E8C /* InfoPlist.strings */ = {
			isa = PBXVariantGroup;
			children = (
				CBCD617E1918044900846E8C /* en */,
			);
			name = InfoPlist.strings;
			sourceTree = "<group>";
		};
/* End PBXVariantGroup section */

/* Begin XCBuildConfiguration section */
		CBCD61821918044900846E8C /* Debug */ = {
			isa = XCBuildConfiguration;
			buildSettings = {
				ALWAYS_SEARCH_USER_PATHS = NO;
				ARCHS = "$(ARCHS_STANDARD_INCLUDING_64_BIT)";
				CLANG_CXX_LANGUAGE_STANDARD = "gnu++0x";
				CLANG_CXX_LIBRARY = "libc++";
				CLANG_ENABLE_MODULES = YES;
				CLANG_ENABLE_OBJC_ARC = YES;
				CLANG_WARN_BOOL_CONVERSION = YES;
				CLANG_WARN_CONSTANT_CONVERSION = YES;
				CLANG_WARN_DIRECT_OBJC_ISA_USAGE = YES_ERROR;
				CLANG_WARN_EMPTY_BODY = YES;
				CLANG_WARN_ENUM_CONVERSION = YES;
				CLANG_WARN_INT_CONVERSION = YES;
				CLANG_WARN_OBJC_ROOT_CLASS = YES_ERROR;
				CLANG_WARN__DUPLICATE_METHOD_MATCH = YES;
				"CODE_SIGN_IDENTITY[sdk=iphoneos*]" = "iPhone Developer";
				COPY_PHASE_STRIP = NO;
				GCC_C_LANGUAGE_STANDARD = gnu99;
				GCC_DYNAMIC_NO_PIC = NO;
				GCC_OPTIMIZATION_LEVEL = 0;
				GCC_PREPROCESSOR_DEFINITIONS = (
					"DEBUG=1",
					"$(inherited)",
				);
				GCC_SYMBOLS_PRIVATE_EXTERN = NO;
				GCC_WARN_64_TO_32_BIT_CONVERSION = YES;
				GCC_WARN_ABOUT_RETURN_TYPE = YES_ERROR;
				GCC_WARN_UNDECLARED_SELECTOR = YES;
				GCC_WARN_UNINITIALIZED_AUTOS = YES;
				GCC_WARN_UNUSED_FUNCTION = YES;
				GCC_WARN_UNUSED_VARIABLE = YES;
				IPHONEOS_DEPLOYMENT_TARGET = 7.0;
				ONLY_ACTIVE_ARCH = YES;
				SDKROOT = iphoneos;
			};
			name = Debug;
		};
		CBCD61831918044900846E8C /* Release */ = {
			isa = XCBuildConfiguration;
			buildSettings = {
				ALWAYS_SEARCH_USER_PATHS = NO;
				ARCHS = "$(ARCHS_STANDARD_INCLUDING_64_BIT)";
				CLANG_CXX_LANGUAGE_STANDARD = "gnu++0x";
				CLANG_CXX_LIBRARY = "libc++";
				CLANG_ENABLE_MODULES = YES;
				CLANG_ENABLE_OBJC_ARC = YES;
				CLANG_WARN_BOOL_CONVERSION = YES;
				CLANG_WARN_CONSTANT_CONVERSION = YES;
				CLANG_WARN_DIRECT_OBJC_ISA_USAGE = YES_ERROR;
				CLANG_WARN_EMPTY_BODY = YES;
				CLANG_WARN_ENUM_CONVERSION = YES;
				CLANG_WARN_INT_CONVERSION = YES;
				CLANG_WARN_OBJC_ROOT_CLASS = YES_ERROR;
				CLANG_WARN__DUPLICATE_METHOD_MATCH = YES;
				"CODE_SIGN_IDENTITY[sdk=iphoneos*]" = "iPhone Developer";
				COPY_PHASE_STRIP = YES;
				ENABLE_NS_ASSERTIONS = NO;
				GCC_C_LANGUAGE_STANDARD = gnu99;
				GCC_WARN_64_TO_32_BIT_CONVERSION = YES;
				GCC_WARN_ABOUT_RETURN_TYPE = YES_ERROR;
				GCC_WARN_UNDECLARED_SELECTOR = YES;
				GCC_WARN_UNINITIALIZED_AUTOS = YES;
				GCC_WARN_UNUSED_FUNCTION = YES;
				GCC_WARN_UNUSED_VARIABLE = YES;
				IPHONEOS_DEPLOYMENT_TARGET = 7.0;
				SDKROOT = iphoneos;
				VALIDATE_PRODUCT = YES;
			};
			name = Release;
		};
		CBCD61851918044900846E8C /* Debug */ = {
			isa = XCBuildConfiguration;
			buildSettings = {
				ASSETCATALOG_COMPILER_APPICON_NAME = AppIcon;
				ASSETCATALOG_COMPILER_LAUNCHIMAGE_NAME = LaunchImage;
				FRAMEWORK_SEARCH_PATHS = (
					"$(inherited)",
					/Users/avadeshkumar/delfinomagnus/DelfinoMagnus,
				);
				GCC_PRECOMPILE_PREFIX_HEADER = YES;
				GCC_PREFIX_HEADER = "DelfinoMagnus/DelfinoMagnus-Prefix.pch";
				INFOPLIST_FILE = "DelfinoMagnus/DelfinoMagnus-Info.plist";
				OTHER_LDFLAGS = "-ObjC";
				PRODUCT_NAME = "$(TARGET_NAME)";
				WRAPPER_EXTENSION = app;
			};
			name = Debug;
		};
		CBCD61861918044900846E8C /* Release */ = {
			isa = XCBuildConfiguration;
			buildSettings = {
				ASSETCATALOG_COMPILER_APPICON_NAME = AppIcon;
				ASSETCATALOG_COMPILER_LAUNCHIMAGE_NAME = LaunchImage;
				FRAMEWORK_SEARCH_PATHS = (
					"$(inherited)",
					/Users/avadeshkumar/delfinomagnus/DelfinoMagnus,
				);
				GCC_PRECOMPILE_PREFIX_HEADER = YES;
				GCC_PREFIX_HEADER = "DelfinoMagnus/DelfinoMagnus-Prefix.pch";
				INFOPLIST_FILE = "DelfinoMagnus/DelfinoMagnus-Info.plist";
				OTHER_LDFLAGS = "-ObjC";
				PRODUCT_NAME = "$(TARGET_NAME)";
				WRAPPER_EXTENSION = app;
			};
			name = Release;
		};
		CBCD61881918044900846E8C /* Debug */ = {
			isa = XCBuildConfiguration;
			buildSettings = {
				ARCHS = "$(ARCHS_STANDARD_INCLUDING_64_BIT)";
				BUNDLE_LOADER = "$(BUILT_PRODUCTS_DIR)/DelfinoMagnus.app/DelfinoMagnus";
				FRAMEWORK_SEARCH_PATHS = (
					"$(SDKROOT)/Developer/Library/Frameworks",
					"$(inherited)",
					"$(DEVELOPER_FRAMEWORKS_DIR)",
				);
				GCC_PRECOMPILE_PREFIX_HEADER = YES;
				GCC_PREFIX_HEADER = "DelfinoMagnus/DelfinoMagnus-Prefix.pch";
				GCC_PREPROCESSOR_DEFINITIONS = (
					"DEBUG=1",
					"$(inherited)",
				);
				INFOPLIST_FILE = "DelfinoMagnusTests/DelfinoMagnusTests-Info.plist";
				PRODUCT_NAME = "$(TARGET_NAME)";
				TEST_HOST = "$(BUNDLE_LOADER)";
				WRAPPER_EXTENSION = xctest;
			};
			name = Debug;
		};
		CBCD61891918044900846E8C /* Release */ = {
			isa = XCBuildConfiguration;
			buildSettings = {
				ARCHS = "$(ARCHS_STANDARD_INCLUDING_64_BIT)";
				BUNDLE_LOADER = "$(BUILT_PRODUCTS_DIR)/DelfinoMagnus.app/DelfinoMagnus";
				FRAMEWORK_SEARCH_PATHS = (
					"$(SDKROOT)/Developer/Library/Frameworks",
					"$(inherited)",
					"$(DEVELOPER_FRAMEWORKS_DIR)",
				);
				GCC_PRECOMPILE_PREFIX_HEADER = YES;
				GCC_PREFIX_HEADER = "DelfinoMagnus/DelfinoMagnus-Prefix.pch";
				INFOPLIST_FILE = "DelfinoMagnusTests/DelfinoMagnusTests-Info.plist";
				PRODUCT_NAME = "$(TARGET_NAME)";
				TEST_HOST = "$(BUNDLE_LOADER)";
				WRAPPER_EXTENSION = xctest;
			};
			name = Release;
		};
/* End XCBuildConfiguration section */

/* Begin XCConfigurationList section */
		CBCD61531918044900846E8C /* Build configuration list for PBXProject "DelfinoMagnus" */ = {
			isa = XCConfigurationList;
			buildConfigurations = (
				CBCD61821918044900846E8C /* Debug */,
				CBCD61831918044900846E8C /* Release */,
			);
			defaultConfigurationIsVisible = 0;
			defaultConfigurationName = Release;
		};
		CBCD61841918044900846E8C /* Build configuration list for PBXNativeTarget "DelfinoMagnus" */ = {
			isa = XCConfigurationList;
			buildConfigurations = (
				CBCD61851918044900846E8C /* Debug */,
				CBCD61861918044900846E8C /* Release */,
			);
			defaultConfigurationIsVisible = 0;
			defaultConfigurationName = Release;
		};
		CBCD61871918044900846E8C /* Build configuration list for PBXNativeTarget "DelfinoMagnusTests" */ = {
			isa = XCConfigurationList;
			buildConfigurations = (
				CBCD61881918044900846E8C /* Debug */,
				CBCD61891918044900846E8C /* Release */,
			);
			defaultConfigurationIsVisible = 0;
			defaultConfigurationName = Release;
		};
/* End XCConfigurationList section */
	};
	rootObject = CBCD61501918044900846E8C /* Project object */;
}
